// !$*UTF8*$!
{
	archiveVersion = 1;
	classes = {
	};
	objectVersion = 50;
	objects = {

/* Begin PBXBuildFile section */
		591CEFEF22D61E8400884678 /* RobotStore.swift in Sources */ = {isa = PBXBuildFile; fileRef = 591CEFEE22D61E8400884678 /* RobotStore.swift */; };
		5920A40222D38D5B00D61A66 /* RobotEdit.swift in Sources */ = {isa = PBXBuildFile; fileRef = 5920A40122D38D5B00D61A66 /* RobotEdit.swift */; };
		593319EE22CFC26F002B9FA4 /* AppDelegate.swift in Sources */ = {isa = PBXBuildFile; fileRef = 593319ED22CFC26F002B9FA4 /* AppDelegate.swift */; };
		593319F022CFC26F002B9FA4 /* SceneDelegate.swift in Sources */ = {isa = PBXBuildFile; fileRef = 593319EF22CFC26F002B9FA4 /* SceneDelegate.swift */; };
		593319F422CFC275002B9FA4 /* Assets.xcassets in Resources */ = {isa = PBXBuildFile; fileRef = 593319F322CFC275002B9FA4 /* Assets.xcassets */; };
		593319F722CFC275002B9FA4 /* Preview Assets.xcassets in Resources */ = {isa = PBXBuildFile; fileRef = 593319F622CFC275002B9FA4 /* Preview Assets.xcassets */; };
		593319FA22CFC275002B9FA4 /* LaunchScreen.storyboard in Resources */ = {isa = PBXBuildFile; fileRef = 593319F822CFC275002B9FA4 /* LaunchScreen.storyboard */; };
		59331A0522CFC473002B9FA4 /* RobotList.swift in Sources */ = {isa = PBXBuildFile; fileRef = 59331A0422CFC473002B9FA4 /* RobotList.swift */; };
		59331A0822CFC494002B9FA4 /* Robot.swift in Sources */ = {isa = PBXBuildFile; fileRef = 59331A0722CFC494002B9FA4 /* Robot.swift */; };
		5965C1D022DB629D001FCFC3 /* MultilineTextView.swift in Sources */ = {isa = PBXBuildFile; fileRef = 5965C1CF22DB629D001FCFC3 /* MultilineTextView.swift */; };
		596D328F22E0CF0A0084FAF8 /* README.md in Resources */ = {isa = PBXBuildFile; fileRef = 596D328E22E0CF0A0084FAF8 /* README.md */; };
		59C5EEB422CFC57C0055473A /* RobotCell.swift in Sources */ = {isa = PBXBuildFile; fileRef = 59C5EEB322CFC57C0055473A /* RobotCell.swift */; };
		59C5EEB622CFCB490055473A /* NewRobot.swift in Sources */ = {isa = PBXBuildFile; fileRef = 59C5EEB522CFCB490055473A /* NewRobot.swift */; };
/* End PBXBuildFile section */

/* Begin PBXFileReference section */
		591CEFEE22D61E8400884678 /* RobotStore.swift */ = {isa = PBXFileReference; lastKnownFileType = sourcecode.swift; path = RobotStore.swift; sourceTree = "<group>"; };
		5920A40122D38D5B00D61A66 /* RobotEdit.swift */ = {isa = PBXFileReference; lastKnownFileType = sourcecode.swift; path = RobotEdit.swift; sourceTree = "<group>"; };
		593319EA22CFC26F002B9FA4 /* WeChat Robot.app */ = {isa = PBXFileReference; explicitFileType = wrapper.application; includeInIndex = 0; path = "WeChat Robot.app"; sourceTree = BUILT_PRODUCTS_DIR; };
		593319ED22CFC26F002B9FA4 /* AppDelegate.swift */ = {isa = PBXFileReference; lastKnownFileType = sourcecode.swift; path = AppDelegate.swift; sourceTree = "<group>"; };
		593319EF22CFC26F002B9FA4 /* SceneDelegate.swift */ = {isa = PBXFileReference; lastKnownFileType = sourcecode.swift; path = SceneDelegate.swift; sourceTree = "<group>"; };
		593319F322CFC275002B9FA4 /* Assets.xcassets */ = {isa = PBXFileReference; lastKnownFileType = folder.assetcatalog; path = Assets.xcassets; sourceTree = "<group>"; };
		593319F622CFC275002B9FA4 /* Preview Assets.xcassets */ = {isa = PBXFileReference; lastKnownFileType = folder.assetcatalog; path = "Preview Assets.xcassets"; sourceTree = "<group>"; };
		593319F922CFC275002B9FA4 /* Base */ = {isa = PBXFileReference; lastKnownFileType = file.storyboard; name = Base; path = Base.lproj/LaunchScreen.storyboard; sourceTree = "<group>"; };
		593319FB22CFC275002B9FA4 /* Info.plist */ = {isa = PBXFileReference; lastKnownFileType = text.plist.xml; path = Info.plist; sourceTree = "<group>"; };
		59331A0422CFC473002B9FA4 /* RobotList.swift */ = {isa = PBXFileReference; lastKnownFileType = sourcecode.swift; path = RobotList.swift; sourceTree = "<group>"; };
		59331A0722CFC494002B9FA4 /* Robot.swift */ = {isa = PBXFileReference; lastKnownFileType = sourcecode.swift; path = Robot.swift; sourceTree = "<group>"; };
		5965C1CF22DB629D001FCFC3 /* MultilineTextView.swift */ = {isa = PBXFileReference; lastKnownFileType = sourcecode.swift; path = MultilineTextView.swift; sourceTree = "<group>"; };
		596D328E22E0CF0A0084FAF8 /* README.md */ = {isa = PBXFileReference; fileEncoding = 4; lastKnownFileType = net.daringfireball.markdown; name = README.md; path = "../../../../../../System/Volumes/Data/Users/yk/Documents/SwiftUI/WeChat Robot/README.md"; sourceTree = "<group>"; };
		59C5EEB322CFC57C0055473A /* RobotCell.swift */ = {isa = PBXFileReference; lastKnownFileType = sourcecode.swift; path = RobotCell.swift; sourceTree = "<group>"; };
		59C5EEB522CFCB490055473A /* NewRobot.swift */ = {isa = PBXFileReference; lastKnownFileType = sourcecode.swift; path = NewRobot.swift; sourceTree = "<group>"; };
/* End PBXFileReference section */

/* Begin PBXFrameworksBuildPhase section */
		593319E722CFC26F002B9FA4 /* Frameworks */ = {
			isa = PBXFrameworksBuildPhase;
			buildActionMask = 2147483647;
			files = (
			);
			runOnlyForDeploymentPostprocessing = 0;
		};
/* End PBXFrameworksBuildPhase section */

/* Begin PBXGroup section */
		593319E122CFC26F002B9FA4 = {
			isa = PBXGroup;
			children = (
				593319EC22CFC26F002B9FA4 /* WeChat Robot */,
				593319EB22CFC26F002B9FA4 /* Products */,
			);
			sourceTree = "<group>";
		};
		593319EB22CFC26F002B9FA4 /* Products */ = {
			isa = PBXGroup;
			children = (
				593319EA22CFC26F002B9FA4 /* WeChat Robot.app */,
			);
			name = Products;
			sourceTree = "<group>";
		};
		593319EC22CFC26F002B9FA4 /* WeChat Robot */ = {
			isa = PBXGroup;
			children = (
				596D328E22E0CF0A0084FAF8 /* README.md */,
				59331A0622CFC48A002B9FA4 /* Model */,
				59331A0122CFC28D002B9FA4 /* View */,
				593319ED22CFC26F002B9FA4 /* AppDelegate.swift */,
				593319EF22CFC26F002B9FA4 /* SceneDelegate.swift */,
				593319F322CFC275002B9FA4 /* Assets.xcassets */,
				593319F822CFC275002B9FA4 /* LaunchScreen.storyboard */,
				593319FB22CFC275002B9FA4 /* Info.plist */,
				593319F522CFC275002B9FA4 /* Preview Content */,
			);
			path = "WeChat Robot";
			sourceTree = "<group>";
		};
		593319F522CFC275002B9FA4 /* Preview Content */ = {
			isa = PBXGroup;
			children = (
				593319F622CFC275002B9FA4 /* Preview Assets.xcassets */,
			);
			path = "Preview Content";
			sourceTree = "<group>";
		};
		59331A0122CFC28D002B9FA4 /* View */ = {
			isa = PBXGroup;
			children = (
				59331A0422CFC473002B9FA4 /* RobotList.swift */,
				59C5EEB322CFC57C0055473A /* RobotCell.swift */,
				59C5EEB522CFCB490055473A /* NewRobot.swift */,
				5920A40122D38D5B00D61A66 /* RobotEdit.swift */,
				5965C1CF22DB629D001FCFC3 /* MultilineTextView.swift */,
			);
			path = View;
			sourceTree = "<group>";
		};
		59331A0622CFC48A002B9FA4 /* Model */ = {
			isa = PBXGroup;
			children = (
				59331A0722CFC494002B9FA4 /* Robot.swift */,
				591CEFEE22D61E8400884678 /* RobotStore.swift */,
			);
			path = Model;
			sourceTree = "<group>";
		};
/* End PBXGroup section */

/* Begin PBXNativeTarget section */
		593319E922CFC26F002B9FA4 /* WeChat Robot */ = {
			isa = PBXNativeTarget;
			buildConfigurationList = 593319FE22CFC275002B9FA4 /* Build configuration list for PBXNativeTarget "WeChat Robot" */;
			buildPhases = (
				593319E622CFC26F002B9FA4 /* Sources */,
				593319E722CFC26F002B9FA4 /* Frameworks */,
				593319E822CFC26F002B9FA4 /* Resources */,
			);
			buildRules = (
			);
			dependencies = (
			);
			name = "WeChat Robot";
			productName = "WeChat Robot";
			productReference = 593319EA22CFC26F002B9FA4 /* WeChat Robot.app */;
			productType = "com.apple.product-type.application";
		};
/* End PBXNativeTarget section */

/* Begin PBXProject section */
		593319E222CFC26F002B9FA4 /* Project object */ = {
			isa = PBXProject;
			attributes = {
				LastSwiftUpdateCheck = 1100;
				LastUpgradeCheck = 1100;
				ORGANIZATIONNAME = yk;
				TargetAttributes = {
					593319E922CFC26F002B9FA4 = {
						CreatedOnToolsVersion = 11.0;
					};
				};
			};
			buildConfigurationList = 593319E522CFC26F002B9FA4 /* Build configuration list for PBXProject "WeChat Robot" */;
			compatibilityVersion = "Xcode 9.3";
			developmentRegion = en;
			hasScannedForEncodings = 0;
			knownRegions = (
				en,
				Base,
			);
			mainGroup = 593319E122CFC26F002B9FA4;
			productRefGroup = 593319EB22CFC26F002B9FA4 /* Products */;
			projectDirPath = "";
			projectRoot = "";
			targets = (
				593319E922CFC26F002B9FA4 /* WeChat Robot */,
			);
		};
/* End PBXProject section */

/* Begin PBXResourcesBuildPhase section */
		593319E822CFC26F002B9FA4 /* Resources */ = {
			isa = PBXResourcesBuildPhase;
			buildActionMask = 2147483647;
			files = (
				593319FA22CFC275002B9FA4 /* LaunchScreen.storyboard in Resources */,
				593319F722CFC275002B9FA4 /* Preview Assets.xcassets in Resources */,
				596D328F22E0CF0A0084FAF8 /* README.md in Resources */,
				593319F422CFC275002B9FA4 /* Assets.xcassets in Resources */,
			);
			runOnlyForDeploymentPostprocessing = 0;
		};
/* End PBXResourcesBuildPhase section */

/* Begin PBXSourcesBuildPhase section */
		593319E622CFC26F002B9FA4 /* Sources */ = {
			isa = PBXSourcesBuildPhase;
			buildActionMask = 2147483647;
			files = (
				591CEFEF22D61E8400884678 /* RobotStore.swift in Sources */,
				59C5EEB422CFC57C0055473A /* RobotCell.swift in Sources */,
				593319EE22CFC26F002B9FA4 /* AppDelegate.swift in Sources */,
				593319F022CFC26F002B9FA4 /* SceneDelegate.swift in Sources */,
				5965C1D022DB629D001FCFC3 /* MultilineTextView.swift in Sources */,
				59C5EEB622CFCB490055473A /* NewRobot.swift in Sources */,
				59331A0522CFC473002B9FA4 /* RobotList.swift in Sources */,
				5920A40222D38D5B00D61A66 /* RobotEdit.swift in Sources */,
				59331A0822CFC494002B9FA4 /* Robot.swift in Sources */,
			);
			runOnlyForDeploymentPostprocessing = 0;
		};
/* End PBXSourcesBuildPhase section */

/* Begin PBXVariantGroup section */
		593319F822CFC275002B9FA4 /* LaunchScreen.storyboard */ = {
			isa = PBXVariantGroup;
			children = (
				593319F922CFC275002B9FA4 /* Base */,
			);
			name = LaunchScreen.storyboard;
			sourceTree = "<group>";
		};
/* End PBXVariantGroup section */

/* Begin XCBuildConfiguration section */
		593319FC22CFC275002B9FA4 /* Debug */ = {
			isa = XCBuildConfiguration;
			buildSettings = {
				ALWAYS_SEARCH_USER_PATHS = NO;
				CLANG_ANALYZER_NONNULL = YES;
				CLANG_ANALYZER_NUMBER_OBJECT_CONVERSION = YES_AGGRESSIVE;
				CLANG_CXX_LANGUAGE_STANDARD = "gnu++14";
				CLANG_CXX_LIBRARY = "libc++";
				CLANG_ENABLE_MODULES = YES;
				CLANG_ENABLE_OBJC_ARC = YES;
				CLANG_ENABLE_OBJC_WEAK = YES;
				CLANG_WARN_BLOCK_CAPTURE_AUTORELEASING = YES;
				CLANG_WARN_BOOL_CONVERSION = YES;
				CLANG_WARN_COMMA = YES;
				CLANG_WARN_CONSTANT_CONVERSION = YES;
				CLANG_WARN_DEPRECATED_OBJC_IMPLEMENTATIONS = YES;
				CLANG_WARN_DIRECT_OBJC_ISA_USAGE = YES_ERROR;
				CLANG_WARN_DOCUMENTATION_COMMENTS = YES;
				CLANG_WARN_EMPTY_BODY = YES;
				CLANG_WARN_ENUM_CONVERSION = YES;
				CLANG_WARN_INFINITE_RECURSION = YES;
				CLANG_WARN_INT_CONVERSION = YES;
				CLANG_WARN_NON_LITERAL_NULL_CONVERSION = YES;
				CLANG_WARN_OBJC_IMPLICIT_RETAIN_SELF = YES;
				CLANG_WARN_OBJC_LITERAL_CONVERSION = YES;
				CLANG_WARN_OBJC_ROOT_CLASS = YES_ERROR;
				CLANG_WARN_RANGE_LOOP_ANALYSIS = YES;
				CLANG_WARN_STRICT_PROTOTYPES = YES;
				CLANG_WARN_SUSPICIOUS_MOVE = YES;
				CLANG_WARN_UNGUARDED_AVAILABILITY = YES_AGGRESSIVE;
				CLANG_WARN_UNREACHABLE_CODE = YES;
				CLANG_WARN__DUPLICATE_METHOD_MATCH = YES;
				COPY_PHASE_STRIP = NO;
				DEBUG_INFORMATION_FORMAT = dwarf;
				ENABLE_STRICT_OBJC_MSGSEND = YES;
				ENABLE_TESTABILITY = YES;
				GCC_C_LANGUAGE_STANDARD = gnu11;
				GCC_DYNAMIC_NO_PIC = NO;
				GCC_NO_COMMON_BLOCKS = YES;
				GCC_OPTIMIZATION_LEVEL = 0;
				GCC_PREPROCESSOR_DEFINITIONS = (
					"DEBUG=1",
					"$(inherited)",
				);
				GCC_WARN_64_TO_32_BIT_CONVERSION = YES;
				GCC_WARN_ABOUT_RETURN_TYPE = YES_ERROR;
				GCC_WARN_UNDECLARED_SELECTOR = YES;
				GCC_WARN_UNINITIALIZED_AUTOS = YES_AGGRESSIVE;
				GCC_WARN_UNUSED_FUNCTION = YES;
				GCC_WARN_UNUSED_VARIABLE = YES;
				IPHONEOS_DEPLOYMENT_TARGET = 13.0;
				MTL_ENABLE_DEBUG_INFO = INCLUDE_SOURCE;
				MTL_FAST_MATH = YES;
				ONLY_ACTIVE_ARCH = YES;
				SDKROOT = iphoneos;
				SWIFT_ACTIVE_COMPILATION_CONDITIONS = DEBUG;
				SWIFT_OPTIMIZATION_LEVEL = "-Onone";
			};
			name = Debug;
		};
		593319FD22CFC275002B9FA4 /* Release */ = {
			isa = XCBuildConfiguration;
			buildSettings = {
				ALWAYS_SEARCH_USER_PATHS = NO;
				CLANG_ANALYZER_NONNULL = YES;
				CLANG_ANALYZER_NUMBER_OBJECT_CONVERSION = YES_AGGRESSIVE;
				CLANG_CXX_LANGUAGE_STANDARD = "gnu++14";
				CLANG_CXX_LIBRARY = "libc++";
				CLANG_ENABLE_MODULES = YES;
				CLANG_ENABLE_OBJC_ARC = YES;
				CLANG_ENABLE_OBJC_WEAK = YES;
				CLANG_WARN_BLOCK_CAPTURE_AUTORELEASING = YES;
				CLANG_WARN_BOOL_CONVERSION = YES;
				CLANG_WARN_COMMA = YES;
				CLANG_WARN_CONSTANT_CONVERSION = YES;
				CLANG_WARN_DEPRECATED_OBJC_IMPLEMENTATIONS = YES;
				CLANG_WARN_DIRECT_OBJC_ISA_USAGE = YES_ERROR;
				CLANG_WARN_DOCUMENTATION_COMMENTS = YES;
				CLANG_WARN_EMPTY_BODY = YES;
				CLANG_WARN_ENUM_CONVERSION = YES;
				CLANG_WARN_INFINITE_RECURSION = YES;
				CLANG_WARN_INT_CONVERSION = YES;
				CLANG_WARN_NON_LITERAL_NULL_CONVERSION = YES;
				CLANG_WARN_OBJC_IMPLICIT_RETAIN_SELF = YES;
				CLANG_WARN_OBJC_LITERAL_CONVERSION = YES;
				CLANG_WARN_OBJC_ROOT_CLASS = YES_ERROR;
				CLANG_WARN_RANGE_LOOP_ANALYSIS = YES;
				CLANG_WARN_STRICT_PROTOTYPES = YES;
				CLANG_WARN_SUSPICIOUS_MOVE = YES;
				CLANG_WARN_UNGUARDED_AVAILABILITY = YES_AGGRESSIVE;
				CLANG_WARN_UNREACHABLE_CODE = YES;
				CLANG_WARN__DUPLICATE_METHOD_MATCH = YES;
				COPY_PHASE_STRIP = NO;
				DEBUG_INFORMATION_FORMAT = "dwarf-with-dsym";
				ENABLE_NS_ASSERTIONS = NO;
				ENABLE_STRICT_OBJC_MSGSEND = YES;
				GCC_C_LANGUAGE_STANDARD = gnu11;
				GCC_NO_COMMON_BLOCKS = YES;
				GCC_WARN_64_TO_32_BIT_CONVERSION = YES;
				GCC_WARN_ABOUT_RETURN_TYPE = YES_ERROR;
				GCC_WARN_UNDECLARED_SELECTOR = YES;
				GCC_WARN_UNINITIALIZED_AUTOS = YES_AGGRESSIVE;
				GCC_WARN_UNUSED_FUNCTION = YES;
				GCC_WARN_UNUSED_VARIABLE = YES;
				IPHONEOS_DEPLOYMENT_TARGET = 13.0;
				MTL_ENABLE_DEBUG_INFO = NO;
				MTL_FAST_MATH = YES;
				SDKROOT = iphoneos;
				SWIFT_COMPILATION_MODE = wholemodule;
				SWIFT_OPTIMIZATION_LEVEL = "-O";
				VALIDATE_PRODUCT = YES;
			};
			name = Release;
		};
		593319FF22CFC275002B9FA4 /* Debug */ = {
			isa = XCBuildConfiguration;
			buildSettings = {
				ASSETCATALOG_COMPILER_APPICON_NAME = AppIcon;
				CODE_SIGN_STYLE = Automatic;
				DEVELOPMENT_ASSET_PATHS = "\"WeChat Robot\"/Preview\\ Content";
				DEVELOPMENT_TEAM = QAWWZVREY3;
				ENABLE_PREVIEWS = YES;
				INFOPLIST_FILE = "WeChat Robot/Info.plist";
				LD_RUNPATH_SEARCH_PATHS = (
					"$(inherited)",
					"@executable_path/Frameworks",
				);
				PRODUCT_BUNDLE_IDENTIFIER = "com.yk.noname.swift.WeChat-Robot";
				PRODUCT_NAME = "$(TARGET_NAME)";
				SWIFT_VERSION = 5.0;
				TARGETED_DEVICE_FAMILY = "1,2";
			};
			name = Debug;
		};
		59331A0022CFC275002B9FA4 /* Release */ = {
			isa = XCBuildConfiguration;
			buildSettings = {
				ASSETCATALOG_COMPILER_APPICON_NAME = AppIcon;
				CODE_SIGN_STYLE = Automatic;
				DEVELOPMENT_ASSET_PATHS = "\"WeChat Robot\"/Preview\\ Content";
				DEVELOPMENT_TEAM = QAWWZVREY3;
				ENABLE_PREVIEWS = YES;
				INFOPLIST_FILE = "WeChat Robot/Info.plist";
				LD_RUNPATH_SEARCH_PATHS = (
					"$(inherited)",
					"@executable_path/Frameworks",
				);
				PRODUCT_BUNDLE_IDENTIFIER = "com.yk.noname.swift.WeChat-Robot";
				PRODUCT_NAME = "$(TARGET_NAME)";
				SWIFT_VERSION = 5.0;
				TARGETED_DEVICE_FAMILY = "1,2";
			};
			name = Release;
		};
/* End XCBuildConfiguration section */

/* Begin XCConfigurationList section */
		593319E522CFC26F002B9FA4 /* Build configuration list for PBXProject "WeChat Robot" */ = {
			isa = XCConfigurationList;
			buildConfigurations = (
				593319FC22CFC275002B9FA4 /* Debug */,
				593319FD22CFC275002B9FA4 /* Release */,
			);
			defaultConfigurationIsVisible = 0;
			defaultConfigurationName = Release;
		};
		593319FE22CFC275002B9FA4 /* Build configuration list for PBXNativeTarget "WeChat Robot" */ = {
			isa = XCConfigurationList;
			buildConfigurations = (
				593319FF22CFC275002B9FA4 /* Debug */,
				59331A0022CFC275002B9FA4 /* Release */,
			);
			defaultConfigurationIsVisible = 0;
			defaultConfigurationName = Release;
		};
/* End XCConfigurationList section */
	};
	rootObject = 593319E222CFC26F002B9FA4 /* Project object */;
}
